
Microsoft Visual Studio Solution File, Format Version 12.00
# Visual Studio 15
VisualStudioVersion = 15.0.28307.779
MinimumVisualStudioVersion = 10.0.40219.1
Project("{FAE04EC0-301F-11D3-BF4B-00C04F79EFBC}") = "TCPizza", "TCPizza\TCPizza.csproj", "{C480F2DE-94B4-4869-A255-25EE3E9772B5}"
EndProject
Global
	GlobalSection(SolutionConfigurationPlatforms) = preSolution
		Debug|Any CPU = Debug|Any CPU
		Release|Any CPU = Release|Any CPU
	EndGlobalSection
	GlobalSection(ProjectConfigurationPlatforms) = postSolution
		{C480F2DE-94B4-4869-A255-25EE3E9772B5}.Debug|Any CPU.ActiveCfg = Debug|Any CPU
		{C480F2DE-94B4-4869-A255-25EE3E9772B5}.Debug|Any CPU.Build.0 = Debug|Any CPU
		{C480F2DE-94B4-4869-A255-25EE3E9772B5}.Release|Any CPU.ActiveCfg = Release|Any CPU
		{C480F2DE-94B4-4869-A255-25EE3E9772B5}.Release|Any CPU.Build.0 = Release|Any CPU
	EndGlobalSection
	GlobalSection(SolutionProperties) = preSolution
		HideSolutionNode = FALSE
	EndGlobalSection
	GlobalSection(ExtensibilityGlobals) = postSolution
		SolutionGuid = {0ED542F8-D69D-4802-BB78-B1E0A706E727}
	EndGlobalSection
EndGlobal
